
Microsoft Visual Studio Solution File, Format Version 12.00
# Visual Studio Version 16
VisualStudioVersion = 16.0.32901.82
MinimumVisualStudioVersion = 10.0.40219.1
Project("{9A19103F-16F7-4668-BE54-9A1E7A4F7556}") = "IT Psor - obiektowo - Ćw1", "obiektowo\IT Psor - obiektowo - Ćw1.csproj", "{201F3DFB-E708-4754-9E57-0318712561D8}"
EndProject
Global
	GlobalSection(SolutionConfigurationPlatforms) = preSolution
		Debug|Any CPU = Debug|Any CPU
		Release|Any CPU = Release|Any CPU
	EndGlobalSection
	GlobalSection(ProjectConfigurationPlatforms) = postSolution
		{201F3DFB-E708-4754-9E57-0318712561D8}.Debug|Any CPU.ActiveCfg = Debug|Any CPU
		{201F3DFB-E708-4754-9E57-0318712561D8}.Debug|Any CPU.Build.0 = Debug|Any CPU
		{201F3DFB-E708-4754-9E57-0318712561D8}.Release|Any CPU.ActiveCfg = Release|Any CPU
		{201F3DFB-E708-4754-9E57-0318712561D8}.Release|Any CPU.Build.0 = Release|Any CPU
	EndGlobalSection
	GlobalSection(SolutionProperties) = preSolution
		HideSolutionNode = FALSE
	EndGlobalSection
	GlobalSection(ExtensibilityGlobals) = postSolution
		SolutionGuid = {DC8624F8-F80A-47DD-8022-E754BCB58785}
	EndGlobalSection
EndGlobal
